
Microsoft Visual Studio Solution File, Format Version 12.00
# Visual Studio 15
VisualStudioVersion = 15.0.27130.2010
MinimumVisualStudioVersion = 10.0.40219.1
Project("{FAE04EC0-301F-11D3-BF4B-00C04F79EFBC}") = "HMS", "inz vol.2\HMS.csproj", "{BC17CC6D-BC2A-4732-8895-F67A91573F67}"
EndProject
Global
	GlobalSection(SolutionConfigurationPlatforms) = preSolution
		Debug|Any CPU = Debug|Any CPU
		Release|Any CPU = Release|Any CPU
	EndGlobalSection
	GlobalSection(ProjectConfigurationPlatforms) = postSolution
		{BC17CC6D-BC2A-4732-8895-F67A91573F67}.Debug|Any CPU.ActiveCfg = Debug|Any CPU
		{BC17CC6D-BC2A-4732-8895-F67A91573F67}.Debug|Any CPU.Build.0 = Debug|Any CPU
		{BC17CC6D-BC2A-4732-8895-F67A91573F67}.Release|Any CPU.ActiveCfg = Release|Any CPU
		{BC17CC6D-BC2A-4732-8895-F67A91573F67}.Release|Any CPU.Build.0 = Release|Any CPU
	EndGlobalSection
	GlobalSection(SolutionProperties) = preSolution
		HideSolutionNode = FALSE
	EndGlobalSection
	GlobalSection(ExtensibilityGlobals) = postSolution
		SolutionGuid = {8E4CABE8-915D-4547-B339-7B064F52D082}
	EndGlobalSection
EndGlobal
